<?xml version="1.0" encoding="utf-8"?>
<Project ToolsVersion="16.0" xmlns="http://schemas.microsoft.com/developer/msbuild/2003">
  <ItemGroup>
    <CustomBuild Include="Z:\game-projects\cocos-test\MyCppGame\win32-build\CMakeFiles\1356a6a4066c686a809082255c17561c\SYNC_RESOURCE-MyCppGame.rule">
      <Filter>CMake Rules</Filter>
    </CustomBuild>
    <CustomBuild Include="Z:\game-projects\cocos-test\MyCppGame\CMakeLists.txt" />
  </ItemGroup>
  <ItemGroup>
    <None Include="Z:\game-projects\cocos-test\MyCppGame\win32-build\CMakeFiles\SYNC_RESOURCE-MyCppGame" />
  </ItemGroup>
  <ItemGroup>
    <Filter Include="CMake Rules">
      <UniqueIdentifier>{B363A950-F4E3-34C2-A6B5-91BF4C01362B}</UniqueIdentifier>
    </Filter>
  </ItemGroup>
</Project>
